schema: '2.0'
stages:
  check_data:
    cmd: python check_data.py
    deps:
    - path: check_data.py
      hash: md5
      md5: ef4c8b34a6cfcc5b8d82171b60fe4729
      size: 312
    - path: data/salaries.csv
      hash: md5
      md5: 3b294a7e53d8199ad8c4410752f8991d
      size: 4054216
  preprocess:
    cmd: python preprocess.py
    deps:
    - path: data/salaries.csv
      hash: md5
      md5: 3b294a7e53d8199ad8c4410752f8991d
      size: 4054216
    - path: preprocess.py
      hash: md5
      md5: 38c4ffd749f47e5bb15ac67a0fd608a8
      size: 1487
    outs:
    - path: data/test.csv
      hash: md5
      md5: 7a414ff9b048824230a3524dc2f1b8b3
      size: 1811793
    - path: data/train.csv
      hash: md5
      md5: d3c07a7903432dc8685d4a6c3cbd4b99
      size: 4227544
  train:
    cmd: python train.py
    deps:
    - path: data/train.csv
      hash: md5
      md5: d3c07a7903432dc8685d4a6c3cbd4b99
      size: 4227544
    - path: train.py
      hash: md5
      md5: 55cf4684b1dac6fd490dfec38516e7a5
      size: 705
    outs:
    - path: models/model.pkl
      hash: md5
      md5: 68afd3b5e1c6a12ce2b052dbf09e79ea
      size: 882091
  validate:
    cmd: python validation.py
    deps:
    - path: data/test.csv
      hash: md5
      md5: 7a414ff9b048824230a3524dc2f1b8b3
      size: 1811793
    - path: models/model.pkl
      hash: md5
      md5: 68afd3b5e1c6a12ce2b052dbf09e79ea
      size: 882091
    - path: validation.py
      hash: md5
      md5: 1096a424c28aac1c7f81336ac5e9f7e3
      size: 1548
    outs:
    - path: results/accuracy.json
      hash: md5
      md5: 5cd0c9d0d3d663dfb1d94310a09955b1
      size: 38
    - path: results/confusion_matrix.png
      hash: md5
      md5: 37a5393303037df3eef2584488357dc8
      size: 25470
